// !$*UTF8*$!
{
	archiveVersion = 1;
	classes = {
	};
	objectVersion = 50;
	objects = {

/* Begin PBXBuildFile section */
		3F8039302444778C007CD8EC /* ErrorModelAppDelegate.swift in Sources */ = {isa = PBXBuildFile; fileRef = 3F80392F2444778C007CD8EC /* ErrorModelAppDelegate.swift */; };
		3F8039342444778C007CD8EC /* ItemsViewController.swift in Sources */ = {isa = PBXBuildFile; fileRef = 3F8039332444778C007CD8EC /* ItemsViewController.swift */; };
		3F8039372444778C007CD8EC /* Main.storyboard in Resources */ = {isa = PBXBuildFile; fileRef = 3F8039352444778C007CD8EC /* Main.storyboard */; };
		3F8039392444778F007CD8EC /* Assets.xcassets in Resources */ = {isa = PBXBuildFile; fileRef = 3F8039382444778F007CD8EC /* Assets.xcassets */; };
		3F80393C2444778F007CD8EC /* LaunchScreen.storyboard in Resources */ = {isa = PBXBuildFile; fileRef = 3F80393A2444778F007CD8EC /* LaunchScreen.storyboard */; };
		3F8039442444783C007CD8EC /* ItemsViewController+TableView.swift in Sources */ = {isa = PBXBuildFile; fileRef = 3F8039432444783C007CD8EC /* ItemsViewController+TableView.swift */; };
		3F80394624447843007CD8EC /* ItemsViewController+Food.swift in Sources */ = {isa = PBXBuildFile; fileRef = 3F80394524447843007CD8EC /* ItemsViewController+Food.swift */; };
		3F8039482444784B007CD8EC /* ItemsViewController+News.swift in Sources */ = {isa = PBXBuildFile; fileRef = 3F8039472444784B007CD8EC /* ItemsViewController+News.swift */; };
		3F80394C24447978007CD8EC /* FoodViewModel.swift in Sources */ = {isa = PBXBuildFile; fileRef = 3F80394B24447978007CD8EC /* FoodViewModel.swift */; };
		3F80394E24447980007CD8EC /* NewsViewModel.swift in Sources */ = {isa = PBXBuildFile; fileRef = 3F80394D24447980007CD8EC /* NewsViewModel.swift */; };
		3F803952244479EA007CD8EC /* ViewModelStatus.swift in Sources */ = {isa = PBXBuildFile; fileRef = 3F803951244479EA007CD8EC /* ViewModelStatus.swift */; };
		3F80395524447B98007CD8EC /* News.swift in Sources */ = {isa = PBXBuildFile; fileRef = 3F80395424447B98007CD8EC /* News.swift */; };
		3F80395724447BA1007CD8EC /* Food.swift in Sources */ = {isa = PBXBuildFile; fileRef = 3F80395624447BA1007CD8EC /* Food.swift */; };
		3F80395924447F6D007CD8EC /* ItemsViewController+Dialog.swift in Sources */ = {isa = PBXBuildFile; fileRef = 3F80395824447F6D007CD8EC /* ItemsViewController+Dialog.swift */; };
		3F80395B2444866C007CD8EC /* UIView+Utility.swift in Sources */ = {isa = PBXBuildFile; fileRef = 3F80395A2444866C007CD8EC /* UIView+Utility.swift */; };
/* End PBXBuildFile section */

/* Begin PBXFileReference section */
		3F80392C2444778C007CD8EC /* ErrorModelSample.app */ = {isa = PBXFileReference; explicitFileType = wrapper.application; includeInIndex = 0; path = ErrorModelSample.app; sourceTree = BUILT_PRODUCTS_DIR; };
		3F80392F2444778C007CD8EC /* ErrorModelAppDelegate.swift */ = {isa = PBXFileReference; lastKnownFileType = sourcecode.swift; path = ErrorModelAppDelegate.swift; sourceTree = "<group>"; };
		3F8039332444778C007CD8EC /* ItemsViewController.swift */ = {isa = PBXFileReference; lastKnownFileType = sourcecode.swift; path = ItemsViewController.swift; sourceTree = "<group>"; };
		3F8039362444778C007CD8EC /* Base */ = {isa = PBXFileReference; lastKnownFileType = file.storyboard; name = Base; path = Base.lproj/Main.storyboard; sourceTree = "<group>"; };
		3F8039382444778F007CD8EC /* Assets.xcassets */ = {isa = PBXFileReference; lastKnownFileType = folder.assetcatalog; path = Assets.xcassets; sourceTree = "<group>"; };
		3F80393B2444778F007CD8EC /* Base */ = {isa = PBXFileReference; lastKnownFileType = file.storyboard; name = Base; path = Base.lproj/LaunchScreen.storyboard; sourceTree = "<group>"; };
		3F80393D2444778F007CD8EC /* Info.plist */ = {isa = PBXFileReference; lastKnownFileType = text.plist.xml; path = Info.plist; sourceTree = "<group>"; };
		3F8039432444783C007CD8EC /* ItemsViewController+TableView.swift */ = {isa = PBXFileReference; lastKnownFileType = sourcecode.swift; path = "ItemsViewController+TableView.swift"; sourceTree = "<group>"; };
		3F80394524447843007CD8EC /* ItemsViewController+Food.swift */ = {isa = PBXFileReference; lastKnownFileType = sourcecode.swift; path = "ItemsViewController+Food.swift"; sourceTree = "<group>"; };
		3F8039472444784B007CD8EC /* ItemsViewController+News.swift */ = {isa = PBXFileReference; lastKnownFileType = sourcecode.swift; path = "ItemsViewController+News.swift"; sourceTree = "<group>"; };
		3F80394B24447978007CD8EC /* FoodViewModel.swift */ = {isa = PBXFileReference; lastKnownFileType = sourcecode.swift; path = FoodViewModel.swift; sourceTree = "<group>"; };
		3F80394D24447980007CD8EC /* NewsViewModel.swift */ = {isa = PBXFileReference; lastKnownFileType = sourcecode.swift; path = NewsViewModel.swift; sourceTree = "<group>"; };
		3F803951244479EA007CD8EC /* ViewModelStatus.swift */ = {isa = PBXFileReference; lastKnownFileType = sourcecode.swift; path = ViewModelStatus.swift; sourceTree = "<group>"; };
		3F80395424447B98007CD8EC /* News.swift */ = {isa = PBXFileReference; lastKnownFileType = sourcecode.swift; path = News.swift; sourceTree = "<group>"; };
		3F80395624447BA1007CD8EC /* Food.swift */ = {isa = PBXFileReference; lastKnownFileType = sourcecode.swift; path = Food.swift; sourceTree = "<group>"; };
		3F80395824447F6D007CD8EC /* ItemsViewController+Dialog.swift */ = {isa = PBXFileReference; lastKnownFileType = sourcecode.swift; path = "ItemsViewController+Dialog.swift"; sourceTree = "<group>"; };
		3F80395A2444866C007CD8EC /* UIView+Utility.swift */ = {isa = PBXFileReference; lastKnownFileType = sourcecode.swift; path = "UIView+Utility.swift"; sourceTree = "<group>"; };
/* End PBXFileReference section */

/* Begin PBXFrameworksBuildPhase section */
		3F8039292444778C007CD8EC /* Frameworks */ = {
			isa = PBXFrameworksBuildPhase;
			buildActionMask = 2147483647;
			files = (
			);
			runOnlyForDeploymentPostprocessing = 0;
		};
/* End PBXFrameworksBuildPhase section */

/* Begin PBXGroup section */
		3F8039232444778C007CD8EC = {
			isa = PBXGroup;
			children = (
				3F80392E2444778C007CD8EC /* ErrorModelSample */,
				3F80392D2444778C007CD8EC /* Products */,
			);
			sourceTree = "<group>";
		};
		3F80392D2444778C007CD8EC /* Products */ = {
			isa = PBXGroup;
			children = (
				3F80392C2444778C007CD8EC /* ErrorModelSample.app */,
			);
			name = Products;
			sourceTree = "<group>";
		};
		3F80392E2444778C007CD8EC /* ErrorModelSample */ = {
			isa = PBXGroup;
			children = (
				3F80395324447B90007CD8EC /* Model */,
				3F80394A24447965007CD8EC /* ViewModels */,
				3F8039492444784D007CD8EC /* ViewControllers */,
				3F80392F2444778C007CD8EC /* ErrorModelAppDelegate.swift */,
				3F8039352444778C007CD8EC /* Main.storyboard */,
				3F8039382444778F007CD8EC /* Assets.xcassets */,
				3F80393A2444778F007CD8EC /* LaunchScreen.storyboard */,
				3F80393D2444778F007CD8EC /* Info.plist */,
				3F80395A2444866C007CD8EC /* UIView+Utility.swift */,
			);
			path = ErrorModelSample;
			sourceTree = "<group>";
		};
		3F8039492444784D007CD8EC /* ViewControllers */ = {
			isa = PBXGroup;
			children = (
				3F8039332444778C007CD8EC /* ItemsViewController.swift */,
				3F8039432444783C007CD8EC /* ItemsViewController+TableView.swift */,
				3F8039472444784B007CD8EC /* ItemsViewController+News.swift */,
				3F80394524447843007CD8EC /* ItemsViewController+Food.swift */,
				3F80395824447F6D007CD8EC /* ItemsViewController+Dialog.swift */,
			);
			path = ViewControllers;
			sourceTree = "<group>";
		};
		3F80394A24447965007CD8EC /* ViewModels */ = {
			isa = PBXGroup;
			children = (
				3F803951244479EA007CD8EC /* ViewModelStatus.swift */,
				3F80394D24447980007CD8EC /* NewsViewModel.swift */,
				3F80394B24447978007CD8EC /* FoodViewModel.swift */,
			);
			path = ViewModels;
			sourceTree = "<group>";
		};
		3F80395324447B90007CD8EC /* Model */ = {
			isa = PBXGroup;
			children = (
				3F80395424447B98007CD8EC /* News.swift */,
				3F80395624447BA1007CD8EC /* Food.swift */,
			);
			path = Model;
			sourceTree = "<group>";
		};
/* End PBXGroup section */

/* Begin PBXNativeTarget section */
		3F80392B2444778C007CD8EC /* ErrorModelSample */ = {
			isa = PBXNativeTarget;
			buildConfigurationList = 3F8039402444778F007CD8EC /* Build configuration list for PBXNativeTarget "ErrorModelSample" */;
			buildPhases = (
				3F8039282444778C007CD8EC /* Sources */,
				3F8039292444778C007CD8EC /* Frameworks */,
				3F80392A2444778C007CD8EC /* Resources */,
			);
			buildRules = (
			);
			dependencies = (
			);
			name = ErrorModelSample;
			productName = ErrorModelSample;
			productReference = 3F80392C2444778C007CD8EC /* ErrorModelSample.app */;
			productType = "com.apple.product-type.application";
		};
/* End PBXNativeTarget section */

/* Begin PBXProject section */
		3F8039242444778C007CD8EC /* Project object */ = {
			isa = PBXProject;
			attributes = {
				LastSwiftUpdateCheck = 1130;
				LastUpgradeCheck = 1130;
				ORGANIZATIONNAME = Yu;
				TargetAttributes = {
					3F80392B2444778C007CD8EC = {
						CreatedOnToolsVersion = 11.3;
					};
				};
			};
			buildConfigurationList = 3F8039272444778C007CD8EC /* Build configuration list for PBXProject "ErrorModelSample" */;
			compatibilityVersion = "Xcode 9.3";
			developmentRegion = en;
			hasScannedForEncodings = 0;
			knownRegions = (
				en,
				Base,
			);
			mainGroup = 3F8039232444778C007CD8EC;
			productRefGroup = 3F80392D2444778C007CD8EC /* Products */;
			projectDirPath = "";
			projectRoot = "";
			targets = (
				3F80392B2444778C007CD8EC /* ErrorModelSample */,
			);
		};
/* End PBXProject section */

/* Begin PBXResourcesBuildPhase section */
		3F80392A2444778C007CD8EC /* Resources */ = {
			isa = PBXResourcesBuildPhase;
			buildActionMask = 2147483647;
			files = (
				3F80393C2444778F007CD8EC /* LaunchScreen.storyboard in Resources */,
				3F8039392444778F007CD8EC /* Assets.xcassets in Resources */,
				3F8039372444778C007CD8EC /* Main.storyboard in Resources */,
			);
			runOnlyForDeploymentPostprocessing = 0;
		};
/* End PBXResourcesBuildPhase section */

/* Begin PBXSourcesBuildPhase section */
		3F8039282444778C007CD8EC /* Sources */ = {
			isa = PBXSourcesBuildPhase;
			buildActionMask = 2147483647;
			files = (
				3F803952244479EA007CD8EC /* ViewModelStatus.swift in Sources */,
				3F8039342444778C007CD8EC /* ItemsViewController.swift in Sources */,
				3F80394624447843007CD8EC /* ItemsViewController+Food.swift in Sources */,
				3F80395524447B98007CD8EC /* News.swift in Sources */,
				3F80395924447F6D007CD8EC /* ItemsViewController+Dialog.swift in Sources */,
				3F80394C24447978007CD8EC /* FoodViewModel.swift in Sources */,
				3F8039482444784B007CD8EC /* ItemsViewController+News.swift in Sources */,
				3F80394E24447980007CD8EC /* NewsViewModel.swift in Sources */,
				3F80395724447BA1007CD8EC /* Food.swift in Sources */,
				3F8039442444783C007CD8EC /* ItemsViewController+TableView.swift in Sources */,
				3F8039302444778C007CD8EC /* ErrorModelAppDelegate.swift in Sources */,
				3F80395B2444866C007CD8EC /* UIView+Utility.swift in Sources */,
			);
			runOnlyForDeploymentPostprocessing = 0;
		};
/* End PBXSourcesBuildPhase section */

/* Begin PBXVariantGroup section */
		3F8039352444778C007CD8EC /* Main.storyboard */ = {
			isa = PBXVariantGroup;
			children = (
				3F8039362444778C007CD8EC /* Base */,
			);
			name = Main.storyboard;
			sourceTree = "<group>";
		};
		3F80393A2444778F007CD8EC /* LaunchScreen.storyboard */ = {
			isa = PBXVariantGroup;
			children = (
				3F80393B2444778F007CD8EC /* Base */,
			);
			name = LaunchScreen.storyboard;
			sourceTree = "<group>";
		};
/* End PBXVariantGroup section */

/* Begin XCBuildConfiguration section */
		3F80393E2444778F007CD8EC /* Debug */ = {
			isa = XCBuildConfiguration;
			buildSettings = {
				ALWAYS_SEARCH_USER_PATHS = NO;
				CLANG_ANALYZER_NONNULL = YES;
				CLANG_ANALYZER_NUMBER_OBJECT_CONVERSION = YES_AGGRESSIVE;
				CLANG_CXX_LANGUAGE_STANDARD = "gnu++14";
				CLANG_CXX_LIBRARY = "libc++";
				CLANG_ENABLE_MODULES = YES;
				CLANG_ENABLE_OBJC_ARC = YES;
				CLANG_ENABLE_OBJC_WEAK = YES;
				CLANG_WARN_BLOCK_CAPTURE_AUTORELEASING = YES;
				CLANG_WARN_BOOL_CONVERSION = YES;
				CLANG_WARN_COMMA = YES;
				CLANG_WARN_CONSTANT_CONVERSION = YES;
				CLANG_WARN_DEPRECATED_OBJC_IMPLEMENTATIONS = YES;
				CLANG_WARN_DIRECT_OBJC_ISA_USAGE = YES_ERROR;
				CLANG_WARN_DOCUMENTATION_COMMENTS = YES;
				CLANG_WARN_EMPTY_BODY = YES;
				CLANG_WARN_ENUM_CONVERSION = YES;
				CLANG_WARN_INFINITE_RECURSION = YES;
				CLANG_WARN_INT_CONVERSION = YES;
				CLANG_WARN_NON_LITERAL_NULL_CONVERSION = YES;
				CLANG_WARN_OBJC_IMPLICIT_RETAIN_SELF = YES;
				CLANG_WARN_OBJC_LITERAL_CONVERSION = YES;
				CLANG_WARN_OBJC_ROOT_CLASS = YES_ERROR;
				CLANG_WARN_RANGE_LOOP_ANALYSIS = YES;
				CLANG_WARN_STRICT_PROTOTYPES = YES;
				CLANG_WARN_SUSPICIOUS_MOVE = YES;
				CLANG_WARN_UNGUARDED_AVAILABILITY = YES_AGGRESSIVE;
				CLANG_WARN_UNREACHABLE_CODE = YES;
				CLANG_WARN__DUPLICATE_METHOD_MATCH = YES;
				COPY_PHASE_STRIP = NO;
				DEBUG_INFORMATION_FORMAT = dwarf;
				ENABLE_STRICT_OBJC_MSGSEND = YES;
				ENABLE_TESTABILITY = YES;
				GCC_C_LANGUAGE_STANDARD = gnu11;
				GCC_DYNAMIC_NO_PIC = NO;
				GCC_NO_COMMON_BLOCKS = YES;
				GCC_OPTIMIZATION_LEVEL = 0;
				GCC_PREPROCESSOR_DEFINITIONS = (
					"DEBUG=1",
					"$(inherited)",
				);
				GCC_WARN_64_TO_32_BIT_CONVERSION = YES;
				GCC_WARN_ABOUT_RETURN_TYPE = YES_ERROR;
				GCC_WARN_UNDECLARED_SELECTOR = YES;
				GCC_WARN_UNINITIALIZED_AUTOS = YES_AGGRESSIVE;
				GCC_WARN_UNUSED_FUNCTION = YES;
				GCC_WARN_UNUSED_VARIABLE = YES;
				IPHONEOS_DEPLOYMENT_TARGET = 13.2;
				MTL_ENABLE_DEBUG_INFO = INCLUDE_SOURCE;
				MTL_FAST_MATH = YES;
				ONLY_ACTIVE_ARCH = YES;
				SDKROOT = iphoneos;
				SWIFT_ACTIVE_COMPILATION_CONDITIONS = DEBUG;
				SWIFT_OPTIMIZATION_LEVEL = "-Onone";
			};
			name = Debug;
		};
		3F80393F2444778F007CD8EC /* Release */ = {
			isa = XCBuildConfiguration;
			buildSettings = {
				ALWAYS_SEARCH_USER_PATHS = NO;
				CLANG_ANALYZER_NONNULL = YES;
				CLANG_ANALYZER_NUMBER_OBJECT_CONVERSION = YES_AGGRESSIVE;
				CLANG_CXX_LANGUAGE_STANDARD = "gnu++14";
				CLANG_CXX_LIBRARY = "libc++";
				CLANG_ENABLE_MODULES = YES;
				CLANG_ENABLE_OBJC_ARC = YES;
				CLANG_ENABLE_OBJC_WEAK = YES;
				CLANG_WARN_BLOCK_CAPTURE_AUTORELEASING = YES;
				CLANG_WARN_BOOL_CONVERSION = YES;
				CLANG_WARN_COMMA = YES;
				CLANG_WARN_CONSTANT_CONVERSION = YES;
				CLANG_WARN_DEPRECATED_OBJC_IMPLEMENTATIONS = YES;
				CLANG_WARN_DIRECT_OBJC_ISA_USAGE = YES_ERROR;
				CLANG_WARN_DOCUMENTATION_COMMENTS = YES;
				CLANG_WARN_EMPTY_BODY = YES;
				CLANG_WARN_ENUM_CONVERSION = YES;
				CLANG_WARN_INFINITE_RECURSION = YES;
				CLANG_WARN_INT_CONVERSION = YES;
				CLANG_WARN_NON_LITERAL_NULL_CONVERSION = YES;
				CLANG_WARN_OBJC_IMPLICIT_RETAIN_SELF = YES;
				CLANG_WARN_OBJC_LITERAL_CONVERSION = YES;
				CLANG_WARN_OBJC_ROOT_CLASS = YES_ERROR;
				CLANG_WARN_RANGE_LOOP_ANALYSIS = YES;
				CLANG_WARN_STRICT_PROTOTYPES = YES;
				CLANG_WARN_SUSPICIOUS_MOVE = YES;
				CLANG_WARN_UNGUARDED_AVAILABILITY = YES_AGGRESSIVE;
				CLANG_WARN_UNREACHABLE_CODE = YES;
				CLANG_WARN__DUPLICATE_METHOD_MATCH = YES;
				COPY_PHASE_STRIP = NO;
				DEBUG_INFORMATION_FORMAT = "dwarf-with-dsym";
				ENABLE_NS_ASSERTIONS = NO;
				ENABLE_STRICT_OBJC_MSGSEND = YES;
				GCC_C_LANGUAGE_STANDARD = gnu11;
				GCC_NO_COMMON_BLOCKS = YES;
				GCC_WARN_64_TO_32_BIT_CONVERSION = YES;
				GCC_WARN_ABOUT_RETURN_TYPE = YES_ERROR;
				GCC_WARN_UNDECLARED_SELECTOR = YES;
				GCC_WARN_UNINITIALIZED_AUTOS = YES_AGGRESSIVE;
				GCC_WARN_UNUSED_FUNCTION = YES;
				GCC_WARN_UNUSED_VARIABLE = YES;
				IPHONEOS_DEPLOYMENT_TARGET = 13.2;
				MTL_ENABLE_DEBUG_INFO = NO;
				MTL_FAST_MATH = YES;
				SDKROOT = iphoneos;
				SWIFT_COMPILATION_MODE = wholemodule;
				SWIFT_OPTIMIZATION_LEVEL = "-O";
				VALIDATE_PRODUCT = YES;
			};
			name = Release;
		};
		3F8039412444778F007CD8EC /* Debug */ = {
			isa = XCBuildConfiguration;
			buildSettings = {
				ASSETCATALOG_COMPILER_APPICON_NAME = AppIcon;
				CODE_SIGN_STYLE = Automatic;
				INFOPLIST_FILE = ErrorModelSample/Info.plist;
				IPHONEOS_DEPLOYMENT_TARGET = 11.0;
				LD_RUNPATH_SEARCH_PATHS = (
					"$(inherited)",
					"@executable_path/Frameworks",
				);
				MARKETING_VERSION = 1.0.0;
				PRODUCT_BUNDLE_IDENTIFIER = yu.ErrorModelSample;
				PRODUCT_NAME = "$(TARGET_NAME)";
				SWIFT_VERSION = 5.0;
				TARGETED_DEVICE_FAMILY = "1,2";
			};
			name = Debug;
		};
		3F8039422444778F007CD8EC /* Release */ = {
			isa = XCBuildConfiguration;
			buildSettings = {
				ASSETCATALOG_COMPILER_APPICON_NAME = AppIcon;
				CODE_SIGN_STYLE = Automatic;
				INFOPLIST_FILE = ErrorModelSample/Info.plist;
				IPHONEOS_DEPLOYMENT_TARGET = 11.0;
				LD_RUNPATH_SEARCH_PATHS = (
					"$(inherited)",
					"@executable_path/Frameworks",
				);
				MARKETING_VERSION = 1.0.0;
				PRODUCT_BUNDLE_IDENTIFIER = yu.ErrorModelSample;
				PRODUCT_NAME = "$(TARGET_NAME)";
				SWIFT_VERSION = 5.0;
				TARGETED_DEVICE_FAMILY = "1,2";
			};
			name = Release;
		};
/* End XCBuildConfiguration section */

/* Begin XCConfigurationList section */
		3F8039272444778C007CD8EC /* Build configuration list for PBXProject "ErrorModelSample" */ = {
			isa = XCConfigurationList;
			buildConfigurations = (
				3F80393E2444778F007CD8EC /* Debug */,
				3F80393F2444778F007CD8EC /* Release */,
			);
			defaultConfigurationIsVisible = 0;
			defaultConfigurationName = Release;
		};
		3F8039402444778F007CD8EC /* Build configuration list for PBXNativeTarget "ErrorModelSample" */ = {
			isa = XCConfigurationList;
			buildConfigurations = (
				3F8039412444778F007CD8EC /* Debug */,
				3F8039422444778F007CD8EC /* Release */,
			);
			defaultConfigurationIsVisible = 0;
			defaultConfigurationName = Release;
		};
/* End XCConfigurationList section */
	};
	rootObject = 3F8039242444778C007CD8EC /* Project object */;
}
